<?xml version="1.0" encoding="utf-8"?>
<Project ToolsVersion="4.0" xmlns="http://schemas.microsoft.com/developer/msbuild/2003">
  <ItemGroup>
    <Filter Include="Assets">
      <UniqueIdentifier>bb53d0dd-40f1-4ac0-a4c9-b67279e66494</UniqueIdentifier>
      <Extensions>ico;cur;bmp;dds;dlg;fbx;rct;bin;rgs;gif;jpg;jpeg;jpe;resx;tga;tiff;tif;png;wav;mfcribbon-ms</Extensions>
    </Filter>
  </ItemGroup>
  <ItemGroup>
    <ClInclude Include="pch.h" />
    <ClInclude Include="Game.h" />
    <ClInclude Include="StepTimer.h" />
    <ClInclude Include="Engine\Graphics.h" />
    <ClInclude Include="Engine\D3D.h" />
    <ClInclude Include="Engine\Model.h" />
    <ClInclude Include="Engine\Shader.h" />
    <ClInclude Include="Engine\Light.h" />
    <ClInclude Include="Engine\Camera.h" />
    <ClInclude Include="Engine\Texture.h" />
    <ClInclude Include="Engine\Input.h" />
    <ClInclude Include="Engine\ModelList.h" />
    <ClInclude Include="Game\Chunk.h" />
    <ClInclude Include="Game\ChunkTerrain.h" />
    <ClInclude Include="Engine\Shape.h" />
    <ClInclude Include="Engine\BaseFont.h" />
    <ClInclude Include="Engine\D2D.h" />
  </ItemGroup>
  <ItemGroup>
    <ClCompile Include="pch.cpp" />
    <ClCompile Include="Game.cpp" />
    <ClCompile Include="Main.cpp" />
    <ClCompile Include="Engine\Graphics.cpp" />
    <ClCompile Include="Engine\D3D.cpp" />
    <ClCompile Include="Engine\Model.cpp" />
    <ClCompile Include="Engine\Shader.cpp" />
    <ClCompile Include="Engine\Camera.cpp" />
    <ClCompile Include="Engine\Texture.cpp" />
    <ClCompile Include="Game\Chunk.cpp" />
    <ClCompile Include="Engine\Input.cpp" />
    <ClCompile Include="Game\ChunkTerrain.cpp" />
    <ClCompile Include="Engine\Shape.cpp" />
    <ClCompile Include="Engine\BaseFont.cpp" />
    <ClCompile Include="Engine\D2D.cpp" />
    <ClCompile Include="Engine\Light.cpp" />
  </ItemGroup>
  <ItemGroup>
    <ResourceCompile Include="resource.rc" />
  </ItemGroup>
  <ItemGroup>
    <Image Include="directx.ico">
      <Filter>Assets</Filter>
    </Image>
    <Image Include="Assets\texture1.png">
      <Filter>Assets</Filter>
    </Image>
    <Image Include="Assets\seafloor.dds">
      <Filter>Assets</Filter>
    </Image>
  </ItemGroup>
  <ItemGroup>
    <Manifest Include="settings.manifest">
      <Filter>Assets</Filter>
    </Manifest>
  </ItemGroup>
  <ItemGroup>
    <None Include="packages.config" />
    <None Include="Game\entitylist.json" />
    <None Include="Assets\Fonts\big.spritefont" />
    <None Include="Assets\Fonts\medium.spritefont" />
    <None Include="Assets\Fonts\small.spritefont" />
  </ItemGroup>
  <ItemGroup>
    <FxCompile Include="Shaders\BasePixel.hlsl" />
    <FxCompile Include="Shaders\BaseVertex.hlsl" />
    <FxCompile Include="Shaders\BasePixelTexture.hlsl" />
    <FxCompile Include="Shaders\BaseVertexTexture.hlsl" />
    <FxCompile Include="Shaders\LightPixel.hlsl" />
    <FxCompile Include="Shaders\LightVertex.hlsl" />
  </ItemGroup>
  <ItemGroup>
    <Text Include="Data\cube.txt" />
    <Text Include="Game\Entities\Cube\cube.txt" />
    <Text Include="Data\sphere.txt" />
  </ItemGroup>
</Project>